// !$*UTF8*$!
{
	archiveVersion = 1;
	classes = {
	};
	objectVersion = 46;
	objects = {

/* Begin PBXBuildFile section */
		3D3D83CC1DA5DF4E00526718 /* AppDelegate.swift in Sources */ = {isa = PBXBuildFile; fileRef = 3D3D83CB1DA5DF4E00526718 /* AppDelegate.swift */; };
		3D3D83CE1DA5DF4E00526718 /* ViewController.swift in Sources */ = {isa = PBXBuildFile; fileRef = 3D3D83CD1DA5DF4E00526718 /* ViewController.swift */; };
		3D3D83D11DA5DF4E00526718 /* Main.storyboard in Resources */ = {isa = PBXBuildFile; fileRef = 3D3D83CF1DA5DF4E00526718 /* Main.storyboard */; };
		3D3D83D31DA5DF4E00526718 /* Assets.xcassets in Resources */ = {isa = PBXBuildFile; fileRef = 3D3D83D21DA5DF4E00526718 /* Assets.xcassets */; };
		3D3D83D61DA5DF4E00526718 /* LaunchScreen.storyboard in Resources */ = {isa = PBXBuildFile; fileRef = 3D3D83D41DA5DF4E00526718 /* LaunchScreen.storyboard */; };
		3D3D83E41DA5DF6D00526718 /* IntentHandler.swift in Sources */ = {isa = PBXBuildFile; fileRef = 3D3D83E31DA5DF6D00526718 /* IntentHandler.swift */; };
		3D3D83ED1DA5DF6D00526718 /* IntentsUI.framework in Frameworks */ = {isa = PBXBuildFile; fileRef = 3D3D83EC1DA5DF6D00526718 /* IntentsUI.framework */; };
		3D3D83F01DA5DF6D00526718 /* IntentViewController.swift in Sources */ = {isa = PBXBuildFile; fileRef = 3D3D83EF1DA5DF6D00526718 /* IntentViewController.swift */; };
		3D3D83F31DA5DF6D00526718 /* MainInterface.storyboard in Resources */ = {isa = PBXBuildFile; fileRef = 3D3D83F11DA5DF6D00526718 /* MainInterface.storyboard */; };
		3D3D83F71DA5DF6D00526718 /* ExtensionUI.appex in Embed App Extensions */ = {isa = PBXBuildFile; fileRef = 3D3D83EA1DA5DF6D00526718 /* ExtensionUI.appex */; settings = {ATTRIBUTES = (RemoveHeadersOnCopy, ); }; };
		3D3D83FA1DA5DF6D00526718 /* Extension.appex in Embed App Extensions */ = {isa = PBXBuildFile; fileRef = 3D3D83E11DA5DF6D00526718 /* Extension.appex */; settings = {ATTRIBUTES = (RemoveHeadersOnCopy, ); }; };
/* End PBXBuildFile section */

/* Begin PBXContainerItemProxy section */
		3D3D83F51DA5DF6D00526718 /* PBXContainerItemProxy */ = {
			isa = PBXContainerItemProxy;
			containerPortal = 3D3D83C01DA5DF4E00526718 /* Project object */;
			proxyType = 1;
			remoteGlobalIDString = 3D3D83E91DA5DF6D00526718;
			remoteInfo = ExtensionUI;
		};
		3D3D83F81DA5DF6D00526718 /* PBXContainerItemProxy */ = {
			isa = PBXContainerItemProxy;
			containerPortal = 3D3D83C01DA5DF4E00526718 /* Project object */;
			proxyType = 1;
			remoteGlobalIDString = 3D3D83E01DA5DF6D00526718;
			remoteInfo = Extension;
		};
/* End PBXContainerItemProxy section */

/* Begin PBXCopyFilesBuildPhase section */
		3D3D84011DA5DF6D00526718 /* Embed App Extensions */ = {
			isa = PBXCopyFilesBuildPhase;
			buildActionMask = 2147483647;
			dstPath = "";
			dstSubfolderSpec = 13;
			files = (
				3D3D83FA1DA5DF6D00526718 /* Extension.appex in Embed App Extensions */,
				3D3D83F71DA5DF6D00526718 /* ExtensionUI.appex in Embed App Extensions */,
			);
			name = "Embed App Extensions";
			runOnlyForDeploymentPostprocessing = 0;
		};
/* End PBXCopyFilesBuildPhase section */

/* Begin PBXFileReference section */
		3D3D83C81DA5DF4E00526718 /* ChooseCruise.app */ = {isa = PBXFileReference; explicitFileType = wrapper.application; includeInIndex = 0; path = ChooseCruise.app; sourceTree = BUILT_PRODUCTS_DIR; };
		3D3D83CB1DA5DF4E00526718 /* AppDelegate.swift */ = {isa = PBXFileReference; lastKnownFileType = sourcecode.swift; path = AppDelegate.swift; sourceTree = "<group>"; };
		3D3D83CD1DA5DF4E00526718 /* ViewController.swift */ = {isa = PBXFileReference; lastKnownFileType = sourcecode.swift; path = ViewController.swift; sourceTree = "<group>"; };
		3D3D83D01DA5DF4E00526718 /* Base */ = {isa = PBXFileReference; lastKnownFileType = file.storyboard; name = Base; path = Base.lproj/Main.storyboard; sourceTree = "<group>"; };
		3D3D83D21DA5DF4E00526718 /* Assets.xcassets */ = {isa = PBXFileReference; lastKnownFileType = folder.assetcatalog; path = Assets.xcassets; sourceTree = "<group>"; };
		3D3D83D51DA5DF4E00526718 /* Base */ = {isa = PBXFileReference; lastKnownFileType = file.storyboard; name = Base; path = Base.lproj/LaunchScreen.storyboard; sourceTree = "<group>"; };
		3D3D83D71DA5DF4E00526718 /* Info.plist */ = {isa = PBXFileReference; lastKnownFileType = text.plist.xml; path = Info.plist; sourceTree = "<group>"; };
		3D3D83E11DA5DF6D00526718 /* Extension.appex */ = {isa = PBXFileReference; explicitFileType = "wrapper.app-extension"; includeInIndex = 0; path = Extension.appex; sourceTree = BUILT_PRODUCTS_DIR; };
		3D3D83E31DA5DF6D00526718 /* IntentHandler.swift */ = {isa = PBXFileReference; lastKnownFileType = sourcecode.swift; path = IntentHandler.swift; sourceTree = "<group>"; };
		3D3D83E51DA5DF6D00526718 /* Info.plist */ = {isa = PBXFileReference; lastKnownFileType = text.plist.xml; path = Info.plist; sourceTree = "<group>"; };
		3D3D83EA1DA5DF6D00526718 /* ExtensionUI.appex */ = {isa = PBXFileReference; explicitFileType = "wrapper.app-extension"; includeInIndex = 0; path = ExtensionUI.appex; sourceTree = BUILT_PRODUCTS_DIR; };
		3D3D83EC1DA5DF6D00526718 /* IntentsUI.framework */ = {isa = PBXFileReference; lastKnownFileType = wrapper.framework; name = IntentsUI.framework; path = System/Library/Frameworks/IntentsUI.framework; sourceTree = SDKROOT; };
		3D3D83EF1DA5DF6D00526718 /* IntentViewController.swift */ = {isa = PBXFileReference; lastKnownFileType = sourcecode.swift; path = IntentViewController.swift; sourceTree = "<group>"; };
		3D3D83F21DA5DF6D00526718 /* Base */ = {isa = PBXFileReference; lastKnownFileType = file.storyboard; name = Base; path = Base.lproj/MainInterface.storyboard; sourceTree = "<group>"; };
		3D3D83F41DA5DF6D00526718 /* Info.plist */ = {isa = PBXFileReference; lastKnownFileType = text.plist.xml; path = Info.plist; sourceTree = "<group>"; };
/* End PBXFileReference section */

/* Begin PBXFrameworksBuildPhase section */
		3D3D83C51DA5DF4E00526718 /* Frameworks */ = {
			isa = PBXFrameworksBuildPhase;
			buildActionMask = 2147483647;
			files = (
			);
			runOnlyForDeploymentPostprocessing = 0;
		};
		3D3D83DE1DA5DF6D00526718 /* Frameworks */ = {
			isa = PBXFrameworksBuildPhase;
			buildActionMask = 2147483647;
			files = (
			);
			runOnlyForDeploymentPostprocessing = 0;
		};
		3D3D83E71DA5DF6D00526718 /* Frameworks */ = {
			isa = PBXFrameworksBuildPhase;
			buildActionMask = 2147483647;
			files = (
				3D3D83ED1DA5DF6D00526718 /* IntentsUI.framework in Frameworks */,
			);
			runOnlyForDeploymentPostprocessing = 0;
		};
/* End PBXFrameworksBuildPhase section */

/* Begin PBXGroup section */
		3D3D83BF1DA5DF4E00526718 = {
			isa = PBXGroup;
			children = (
				3D3D83CA1DA5DF4E00526718 /* ChooseCruise */,
				3D3D83E21DA5DF6D00526718 /* Extension */,
				3D3D83EE1DA5DF6D00526718 /* ExtensionUI */,
				3D3D83EB1DA5DF6D00526718 /* Frameworks */,
				3D3D83C91DA5DF4E00526718 /* Products */,
			);
			sourceTree = "<group>";
		};
		3D3D83C91DA5DF4E00526718 /* Products */ = {
			isa = PBXGroup;
			children = (
				3D3D83C81DA5DF4E00526718 /* ChooseCruise.app */,
				3D3D83E11DA5DF6D00526718 /* Extension.appex */,
				3D3D83EA1DA5DF6D00526718 /* ExtensionUI.appex */,
			);
			name = Products;
			sourceTree = "<group>";
		};
		3D3D83CA1DA5DF4E00526718 /* ChooseCruise */ = {
			isa = PBXGroup;
			children = (
				3D3D83CB1DA5DF4E00526718 /* AppDelegate.swift */,
				3D3D83CD1DA5DF4E00526718 /* ViewController.swift */,
				3D3D83CF1DA5DF4E00526718 /* Main.storyboard */,
				3D3D83D21DA5DF4E00526718 /* Assets.xcassets */,
				3D3D83D41DA5DF4E00526718 /* LaunchScreen.storyboard */,
				3D3D83D71DA5DF4E00526718 /* Info.plist */,
			);
			path = ChooseCruise;
			sourceTree = "<group>";
		};
		3D3D83E21DA5DF6D00526718 /* Extension */ = {
			isa = PBXGroup;
			children = (
				3D3D83E31DA5DF6D00526718 /* IntentHandler.swift */,
				3D3D83E51DA5DF6D00526718 /* Info.plist */,
			);
			path = Extension;
			sourceTree = "<group>";
		};
		3D3D83EB1DA5DF6D00526718 /* Frameworks */ = {
			isa = PBXGroup;
			children = (
				3D3D83EC1DA5DF6D00526718 /* IntentsUI.framework */,
			);
			name = Frameworks;
			sourceTree = "<group>";
		};
		3D3D83EE1DA5DF6D00526718 /* ExtensionUI */ = {
			isa = PBXGroup;
			children = (
				3D3D83EF1DA5DF6D00526718 /* IntentViewController.swift */,
				3D3D83F11DA5DF6D00526718 /* MainInterface.storyboard */,
				3D3D83F41DA5DF6D00526718 /* Info.plist */,
			);
			path = ExtensionUI;
			sourceTree = "<group>";
		};
/* End PBXGroup section */

/* Begin PBXNativeTarget section */
		3D3D83C71DA5DF4E00526718 /* ChooseCruise */ = {
			isa = PBXNativeTarget;
			buildConfigurationList = 3D3D83DA1DA5DF4E00526718 /* Build configuration list for PBXNativeTarget "ChooseCruise" */;
			buildPhases = (
				3D3D83C41DA5DF4E00526718 /* Sources */,
				3D3D83C51DA5DF4E00526718 /* Frameworks */,
				3D3D83C61DA5DF4E00526718 /* Resources */,
				3D3D84011DA5DF6D00526718 /* Embed App Extensions */,
			);
			buildRules = (
			);
			dependencies = (
				3D3D83F61DA5DF6D00526718 /* PBXTargetDependency */,
				3D3D83F91DA5DF6D00526718 /* PBXTargetDependency */,
			);
			name = ChooseCruise;
			productName = ChooseCruise;
			productReference = 3D3D83C81DA5DF4E00526718 /* ChooseCruise.app */;
			productType = "com.apple.product-type.application";
		};
		3D3D83E01DA5DF6D00526718 /* Extension */ = {
			isa = PBXNativeTarget;
			buildConfigurationList = 3D3D83FE1DA5DF6D00526718 /* Build configuration list for PBXNativeTarget "Extension" */;
			buildPhases = (
				3D3D83DD1DA5DF6D00526718 /* Sources */,
				3D3D83DE1DA5DF6D00526718 /* Frameworks */,
				3D3D83DF1DA5DF6D00526718 /* Resources */,
			);
			buildRules = (
			);
			dependencies = (
			);
			name = Extension;
			productName = Extension;
			productReference = 3D3D83E11DA5DF6D00526718 /* Extension.appex */;
			productType = "com.apple.product-type.app-extension";
		};
		3D3D83E91DA5DF6D00526718 /* ExtensionUI */ = {
			isa = PBXNativeTarget;
			buildConfigurationList = 3D3D83FB1DA5DF6D00526718 /* Build configuration list for PBXNativeTarget "ExtensionUI" */;
			buildPhases = (
				3D3D83E61DA5DF6D00526718 /* Sources */,
				3D3D83E71DA5DF6D00526718 /* Frameworks */,
				3D3D83E81DA5DF6D00526718 /* Resources */,
			);
			buildRules = (
			);
			dependencies = (
			);
			name = ExtensionUI;
			productName = ExtensionUI;
			productReference = 3D3D83EA1DA5DF6D00526718 /* ExtensionUI.appex */;
			productType = "com.apple.product-type.app-extension";
		};
/* End PBXNativeTarget section */

/* Begin PBXProject section */
		3D3D83C01DA5DF4E00526718 /* Project object */ = {
			isa = PBXProject;
			attributes = {
				LastSwiftUpdateCheck = 0800;
				LastUpgradeCheck = 0800;
				ORGANIZATIONNAME = "Le Tan Thang";
				TargetAttributes = {
					3D3D83C71DA5DF4E00526718 = {
						CreatedOnToolsVersion = 8.0;
						DevelopmentTeam = N7956XYWZ3;
						ProvisioningStyle = Automatic;
					};
					3D3D83E01DA5DF6D00526718 = {
						CreatedOnToolsVersion = 8.0;
						DevelopmentTeam = N7956XYWZ3;
						ProvisioningStyle = Automatic;
					};
					3D3D83E91DA5DF6D00526718 = {
						CreatedOnToolsVersion = 8.0;
						DevelopmentTeam = N7956XYWZ3;
						ProvisioningStyle = Automatic;
					};
				};
			};
			buildConfigurationList = 3D3D83C31DA5DF4E00526718 /* Build configuration list for PBXProject "ChooseCruise" */;
			compatibilityVersion = "Xcode 3.2";
			developmentRegion = English;
			hasScannedForEncodings = 0;
			knownRegions = (
				en,
				Base,
			);
			mainGroup = 3D3D83BF1DA5DF4E00526718;
			productRefGroup = 3D3D83C91DA5DF4E00526718 /* Products */;
			projectDirPath = "";
			projectRoot = "";
			targets = (
				3D3D83C71DA5DF4E00526718 /* ChooseCruise */,
				3D3D83E01DA5DF6D00526718 /* Extension */,
				3D3D83E91DA5DF6D00526718 /* ExtensionUI */,
			);
		};
/* End PBXProject section */

/* Begin PBXResourcesBuildPhase section */
		3D3D83C61DA5DF4E00526718 /* Resources */ = {
			isa = PBXResourcesBuildPhase;
			buildActionMask = 2147483647;
			files = (
				3D3D83D61DA5DF4E00526718 /* LaunchScreen.storyboard in Resources */,
				3D3D83D31DA5DF4E00526718 /* Assets.xcassets in Resources */,
				3D3D83D11DA5DF4E00526718 /* Main.storyboard in Resources */,
			);
			runOnlyForDeploymentPostprocessing = 0;
		};
		3D3D83DF1DA5DF6D00526718 /* Resources */ = {
			isa = PBXResourcesBuildPhase;
			buildActionMask = 2147483647;
			files = (
			);
			runOnlyForDeploymentPostprocessing = 0;
		};
		3D3D83E81DA5DF6D00526718 /* Resources */ = {
			isa = PBXResourcesBuildPhase;
			buildActionMask = 2147483647;
			files = (
				3D3D83F31DA5DF6D00526718 /* MainInterface.storyboard in Resources */,
			);
			runOnlyForDeploymentPostprocessing = 0;
		};
/* End PBXResourcesBuildPhase section */

/* Begin PBXSourcesBuildPhase section */
		3D3D83C41DA5DF4E00526718 /* Sources */ = {
			isa = PBXSourcesBuildPhase;
			buildActionMask = 2147483647;
			files = (
				3D3D83CE1DA5DF4E00526718 /* ViewController.swift in Sources */,
				3D3D83CC1DA5DF4E00526718 /* AppDelegate.swift in Sources */,
			);
			runOnlyForDeploymentPostprocessing = 0;
		};
		3D3D83DD1DA5DF6D00526718 /* Sources */ = {
			isa = PBXSourcesBuildPhase;
			buildActionMask = 2147483647;
			files = (
				3D3D83E41DA5DF6D00526718 /* IntentHandler.swift in Sources */,
			);
			runOnlyForDeploymentPostprocessing = 0;
		};
		3D3D83E61DA5DF6D00526718 /* Sources */ = {
			isa = PBXSourcesBuildPhase;
			buildActionMask = 2147483647;
			files = (
				3D3D83F01DA5DF6D00526718 /* IntentViewController.swift in Sources */,
			);
			runOnlyForDeploymentPostprocessing = 0;
		};
/* End PBXSourcesBuildPhase section */

/* Begin PBXTargetDependency section */
		3D3D83F61DA5DF6D00526718 /* PBXTargetDependency */ = {
			isa = PBXTargetDependency;
			target = 3D3D83E91DA5DF6D00526718 /* ExtensionUI */;
			targetProxy = 3D3D83F51DA5DF6D00526718 /* PBXContainerItemProxy */;
		};
		3D3D83F91DA5DF6D00526718 /* PBXTargetDependency */ = {
			isa = PBXTargetDependency;
			target = 3D3D83E01DA5DF6D00526718 /* Extension */;
			targetProxy = 3D3D83F81DA5DF6D00526718 /* PBXContainerItemProxy */;
		};
/* End PBXTargetDependency section */

/* Begin PBXVariantGroup section */
		3D3D83CF1DA5DF4E00526718 /* Main.storyboard */ = {
			isa = PBXVariantGroup;
			children = (
				3D3D83D01DA5DF4E00526718 /* Base */,
			);
			name = Main.storyboard;
			sourceTree = "<group>";
		};
		3D3D83D41DA5DF4E00526718 /* LaunchScreen.storyboard */ = {
			isa = PBXVariantGroup;
			children = (
				3D3D83D51DA5DF4E00526718 /* Base */,
			);
			name = LaunchScreen.storyboard;
			sourceTree = "<group>";
		};
		3D3D83F11DA5DF6D00526718 /* MainInterface.storyboard */ = {
			isa = PBXVariantGroup;
			children = (
				3D3D83F21DA5DF6D00526718 /* Base */,
			);
			name = MainInterface.storyboard;
			sourceTree = "<group>";
		};
/* End PBXVariantGroup section */

/* Begin XCBuildConfiguration section */
		3D3D83D81DA5DF4E00526718 /* Debug */ = {
			isa = XCBuildConfiguration;
			buildSettings = {
				ALWAYS_SEARCH_USER_PATHS = NO;
				CLANG_ANALYZER_NONNULL = YES;
				CLANG_CXX_LANGUAGE_STANDARD = "gnu++0x";
				CLANG_CXX_LIBRARY = "libc++";
				CLANG_ENABLE_MODULES = YES;
				CLANG_ENABLE_OBJC_ARC = YES;
				CLANG_WARN_BOOL_CONVERSION = YES;
				CLANG_WARN_CONSTANT_CONVERSION = YES;
				CLANG_WARN_DIRECT_OBJC_ISA_USAGE = YES_ERROR;
				CLANG_WARN_DOCUMENTATION_COMMENTS = YES;
				CLANG_WARN_EMPTY_BODY = YES;
				CLANG_WARN_ENUM_CONVERSION = YES;
				CLANG_WARN_INFINITE_RECURSION = YES;
				CLANG_WARN_INT_CONVERSION = YES;
				CLANG_WARN_OBJC_ROOT_CLASS = YES_ERROR;
				CLANG_WARN_SUSPICIOUS_MOVES = YES;
				CLANG_WARN_UNREACHABLE_CODE = YES;
				CLANG_WARN__DUPLICATE_METHOD_MATCH = YES;
				"CODE_SIGN_IDENTITY[sdk=iphoneos*]" = "iPhone Developer";
				COPY_PHASE_STRIP = NO;
				DEBUG_INFORMATION_FORMAT = dwarf;
				ENABLE_STRICT_OBJC_MSGSEND = YES;
				ENABLE_TESTABILITY = YES;
				GCC_C_LANGUAGE_STANDARD = gnu99;
				GCC_DYNAMIC_NO_PIC = NO;
				GCC_NO_COMMON_BLOCKS = YES;
				GCC_OPTIMIZATION_LEVEL = 0;
				GCC_PREPROCESSOR_DEFINITIONS = (
					"DEBUG=1",
					"$(inherited)",
				);
				GCC_WARN_64_TO_32_BIT_CONVERSION = YES;
				GCC_WARN_ABOUT_RETURN_TYPE = YES_ERROR;
				GCC_WARN_UNDECLARED_SELECTOR = YES;
				GCC_WARN_UNINITIALIZED_AUTOS = YES_AGGRESSIVE;
				GCC_WARN_UNUSED_FUNCTION = YES;
				GCC_WARN_UNUSED_VARIABLE = YES;
				IPHONEOS_DEPLOYMENT_TARGET = 10.0;
				MTL_ENABLE_DEBUG_INFO = YES;
				ONLY_ACTIVE_ARCH = YES;
				SDKROOT = iphoneos;
				SWIFT_ACTIVE_COMPILATION_CONDITIONS = DEBUG;
				SWIFT_OPTIMIZATION_LEVEL = "-Onone";
			};
			name = Debug;
		};
		3D3D83D91DA5DF4E00526718 /* Release */ = {
			isa = XCBuildConfiguration;
			buildSettings = {
				ALWAYS_SEARCH_USER_PATHS = NO;
				CLANG_ANALYZER_NONNULL = YES;
				CLANG_CXX_LANGUAGE_STANDARD = "gnu++0x";
				CLANG_CXX_LIBRARY = "libc++";
				CLANG_ENABLE_MODULES = YES;
				CLANG_ENABLE_OBJC_ARC = YES;
				CLANG_WARN_BOOL_CONVERSION = YES;
				CLANG_WARN_CONSTANT_CONVERSION = YES;
				CLANG_WARN_DIRECT_OBJC_ISA_USAGE = YES_ERROR;
				CLANG_WARN_DOCUMENTATION_COMMENTS = YES;
				CLANG_WARN_EMPTY_BODY = YES;
				CLANG_WARN_ENUM_CONVERSION = YES;
				CLANG_WARN_INFINITE_RECURSION = YES;
				CLANG_WARN_INT_CONVERSION = YES;
				CLANG_WARN_OBJC_ROOT_CLASS = YES_ERROR;
				CLANG_WARN_SUSPICIOUS_MOVES = YES;
				CLANG_WARN_UNREACHABLE_CODE = YES;
				CLANG_WARN__DUPLICATE_METHOD_MATCH = YES;
				"CODE_SIGN_IDENTITY[sdk=iphoneos*]" = "iPhone Developer";
				COPY_PHASE_STRIP = NO;
				DEBUG_INFORMATION_FORMAT = "dwarf-with-dsym";
				ENABLE_NS_ASSERTIONS = NO;
				ENABLE_STRICT_OBJC_MSGSEND = YES;
				GCC_C_LANGUAGE_STANDARD = gnu99;
				GCC_NO_COMMON_BLOCKS = YES;
				GCC_WARN_64_TO_32_BIT_CONVERSION = YES;
				GCC_WARN_ABOUT_RETURN_TYPE = YES_ERROR;
				GCC_WARN_UNDECLARED_SELECTOR = YES;
				GCC_WARN_UNINITIALIZED_AUTOS = YES_AGGRESSIVE;
				GCC_WARN_UNUSED_FUNCTION = YES;
				GCC_WARN_UNUSED_VARIABLE = YES;
				IPHONEOS_DEPLOYMENT_TARGET = 10.0;
				MTL_ENABLE_DEBUG_INFO = NO;
				SDKROOT = iphoneos;
				SWIFT_OPTIMIZATION_LEVEL = "-Owholemodule";
				VALIDATE_PRODUCT = YES;
			};
			name = Release;
		};
		3D3D83DB1DA5DF4E00526718 /* Debug */ = {
			isa = XCBuildConfiguration;
			buildSettings = {
				ALWAYS_EMBED_SWIFT_STANDARD_LIBRARIES = YES;
				ASSETCATALOG_COMPILER_APPICON_NAME = AppIcon;
				DEVELOPMENT_TEAM = N7956XYWZ3;
				INFOPLIST_FILE = ChooseCruise/Info.plist;
				LD_RUNPATH_SEARCH_PATHS = "$(inherited) @executable_path/Frameworks";
				PRODUCT_BUNDLE_IDENTIFIER = com.thangcompany.ChooseCruise;
				PRODUCT_NAME = "$(TARGET_NAME)";
				SWIFT_VERSION = 3.0;
			};
			name = Debug;
		};
		3D3D83DC1DA5DF4E00526718 /* Release */ = {
			isa = XCBuildConfiguration;
			buildSettings = {
				ALWAYS_EMBED_SWIFT_STANDARD_LIBRARIES = YES;
				ASSETCATALOG_COMPILER_APPICON_NAME = AppIcon;
				DEVELOPMENT_TEAM = N7956XYWZ3;
				INFOPLIST_FILE = ChooseCruise/Info.plist;
				LD_RUNPATH_SEARCH_PATHS = "$(inherited) @executable_path/Frameworks";
				PRODUCT_BUNDLE_IDENTIFIER = com.thangcompany.ChooseCruise;
				PRODUCT_NAME = "$(TARGET_NAME)";
				SWIFT_VERSION = 3.0;
			};
			name = Release;
		};
		3D3D83FC1DA5DF6D00526718 /* Debug */ = {
			isa = XCBuildConfiguration;
			buildSettings = {
				DEVELOPMENT_TEAM = N7956XYWZ3;
				INFOPLIST_FILE = ExtensionUI/Info.plist;
				LD_RUNPATH_SEARCH_PATHS = "$(inherited) @executable_path/Frameworks @executable_path/../../Frameworks";
				PRODUCT_BUNDLE_IDENTIFIER = com.thangcompany.ChooseCruise.ExtensionUI;
				PRODUCT_NAME = "$(TARGET_NAME)";
				SKIP_INSTALL = YES;
				SWIFT_VERSION = 3.0;
			};
			name = Debug;
		};
		3D3D83FD1DA5DF6D00526718 /* Release */ = {
			isa = XCBuildConfiguration;
			buildSettings = {
				DEVELOPMENT_TEAM = N7956XYWZ3;
				INFOPLIST_FILE = ExtensionUI/Info.plist;
				LD_RUNPATH_SEARCH_PATHS = "$(inherited) @executable_path/Frameworks @executable_path/../../Frameworks";
				PRODUCT_BUNDLE_IDENTIFIER = com.thangcompany.ChooseCruise.ExtensionUI;
				PRODUCT_NAME = "$(TARGET_NAME)";
				SKIP_INSTALL = YES;
				SWIFT_VERSION = 3.0;
			};
			name = Release;
		};
		3D3D83FF1DA5DF6D00526718 /* Debug */ = {
			isa = XCBuildConfiguration;
			buildSettings = {
				DEVELOPMENT_TEAM = N7956XYWZ3;
				INFOPLIST_FILE = Extension/Info.plist;
				LD_RUNPATH_SEARCH_PATHS = "$(inherited) @executable_path/Frameworks @executable_path/../../Frameworks";
				PRODUCT_BUNDLE_IDENTIFIER = com.thangcompany.ChooseCruise.Extension;
				PRODUCT_NAME = "$(TARGET_NAME)";
				SKIP_INSTALL = YES;
				SWIFT_VERSION = 3.0;
			};
			name = Debug;
		};
		3D3D84001DA5DF6D00526718 /* Release */ = {
			isa = XCBuildConfiguration;
			buildSettings = {
				DEVELOPMENT_TEAM = N7956XYWZ3;
				INFOPLIST_FILE = Extension/Info.plist;
				LD_RUNPATH_SEARCH_PATHS = "$(inherited) @executable_path/Frameworks @executable_path/../../Frameworks";
				PRODUCT_BUNDLE_IDENTIFIER = com.thangcompany.ChooseCruise.Extension;
				PRODUCT_NAME = "$(TARGET_NAME)";
				SKIP_INSTALL = YES;
				SWIFT_VERSION = 3.0;
			};
			name = Release;
		};
/* End XCBuildConfiguration section */

/* Begin XCConfigurationList section */
		3D3D83C31DA5DF4E00526718 /* Build configuration list for PBXProject "ChooseCruise" */ = {
			isa = XCConfigurationList;
			buildConfigurations = (
				3D3D83D81DA5DF4E00526718 /* Debug */,
				3D3D83D91DA5DF4E00526718 /* Release */,
			);
			defaultConfigurationIsVisible = 0;
			defaultConfigurationName = Release;
		};
		3D3D83DA1DA5DF4E00526718 /* Build configuration list for PBXNativeTarget "ChooseCruise" */ = {
			isa = XCConfigurationList;
			buildConfigurations = (
				3D3D83DB1DA5DF4E00526718 /* Debug */,
				3D3D83DC1DA5DF4E00526718 /* Release */,
			);
			defaultConfigurationIsVisible = 0;
		};
		3D3D83FB1DA5DF6D00526718 /* Build configuration list for PBXNativeTarget "ExtensionUI" */ = {
			isa = XCConfigurationList;
			buildConfigurations = (
				3D3D83FC1DA5DF6D00526718 /* Debug */,
				3D3D83FD1DA5DF6D00526718 /* Release */,
			);
			defaultConfigurationIsVisible = 0;
		};
		3D3D83FE1DA5DF6D00526718 /* Build configuration list for PBXNativeTarget "Extension" */ = {
			isa = XCConfigurationList;
			buildConfigurations = (
				3D3D83FF1DA5DF6D00526718 /* Debug */,
				3D3D84001DA5DF6D00526718 /* Release */,
			);
			defaultConfigurationIsVisible = 0;
		};
/* End XCConfigurationList section */
	};
	rootObject = 3D3D83C01DA5DF4E00526718 /* Project object */;
}
